// !$*UTF8*$!
{
	archiveVersion = 1;
	classes = {
	};
	objectVersion = 56;
	objects = {

/* Begin PBXBuildFile section */
		766101C62A348678000C04BF /* LinkedinUIApp.swift in Sources */ = {isa = PBXBuildFile; fileRef = 766101C52A348678000C04BF /* LinkedinUIApp.swift */; };
		766101C82A348678000C04BF /* ContentView.swift in Sources */ = {isa = PBXBuildFile; fileRef = 766101C72A348678000C04BF /* ContentView.swift */; };
		766101CA2A34867E000C04BF /* Assets.xcassets in Resources */ = {isa = PBXBuildFile; fileRef = 766101C92A34867E000C04BF /* Assets.xcassets */; };
		766101CD2A34867E000C04BF /* Preview Assets.xcassets in Resources */ = {isa = PBXBuildFile; fileRef = 766101CC2A34867E000C04BF /* Preview Assets.xcassets */; };
		766101D52A348717000C04BF /* SearchBarView.swift in Sources */ = {isa = PBXBuildFile; fileRef = 766101D42A348717000C04BF /* SearchBarView.swift */; };
		766101D82A3489A9000C04BF /* PostModel.swift in Sources */ = {isa = PBXBuildFile; fileRef = 766101D72A3489A9000C04BF /* PostModel.swift */; };
		766101DA2A3489B8000C04BF /* NetworkModel.swift in Sources */ = {isa = PBXBuildFile; fileRef = 766101D92A3489B8000C04BF /* NetworkModel.swift */; };
		766101DC2A348ABE000C04BF /* InvitationView.swift in Sources */ = {isa = PBXBuildFile; fileRef = 766101DB2A348ABE000C04BF /* InvitationView.swift */; };
		766101DE2A34912F000C04BF /* MyNetworkScreen.swift in Sources */ = {isa = PBXBuildFile; fileRef = 766101DD2A34912F000C04BF /* MyNetworkScreen.swift */; };
/* End PBXBuildFile section */

/* Begin PBXFileReference section */
		766101C22A348678000C04BF /* LinkedinUI.app */ = {isa = PBXFileReference; explicitFileType = wrapper.application; includeInIndex = 0; path = LinkedinUI.app; sourceTree = BUILT_PRODUCTS_DIR; };
		766101C52A348678000C04BF /* LinkedinUIApp.swift */ = {isa = PBXFileReference; lastKnownFileType = sourcecode.swift; path = LinkedinUIApp.swift; sourceTree = "<group>"; };
		766101C72A348678000C04BF /* ContentView.swift */ = {isa = PBXFileReference; lastKnownFileType = sourcecode.swift; path = ContentView.swift; sourceTree = "<group>"; };
		766101C92A34867E000C04BF /* Assets.xcassets */ = {isa = PBXFileReference; lastKnownFileType = folder.assetcatalog; path = Assets.xcassets; sourceTree = "<group>"; };
		766101CC2A34867E000C04BF /* Preview Assets.xcassets */ = {isa = PBXFileReference; lastKnownFileType = folder.assetcatalog; path = "Preview Assets.xcassets"; sourceTree = "<group>"; };
		766101D42A348717000C04BF /* SearchBarView.swift */ = {isa = PBXFileReference; lastKnownFileType = sourcecode.swift; path = SearchBarView.swift; sourceTree = "<group>"; };
		766101D72A3489A9000C04BF /* PostModel.swift */ = {isa = PBXFileReference; lastKnownFileType = sourcecode.swift; path = PostModel.swift; sourceTree = "<group>"; };
		766101D92A3489B8000C04BF /* NetworkModel.swift */ = {isa = PBXFileReference; lastKnownFileType = sourcecode.swift; path = NetworkModel.swift; sourceTree = "<group>"; };
		766101DB2A348ABE000C04BF /* InvitationView.swift */ = {isa = PBXFileReference; lastKnownFileType = sourcecode.swift; path = InvitationView.swift; sourceTree = "<group>"; };
		766101DD2A34912F000C04BF /* MyNetworkScreen.swift */ = {isa = PBXFileReference; lastKnownFileType = sourcecode.swift; path = MyNetworkScreen.swift; sourceTree = "<group>"; };
/* End PBXFileReference section */

/* Begin PBXFrameworksBuildPhase section */
		766101BF2A348678000C04BF /* Frameworks */ = {
			isa = PBXFrameworksBuildPhase;
			buildActionMask = 2147483647;
			files = (
			);
			runOnlyForDeploymentPostprocessing = 0;
		};
/* End PBXFrameworksBuildPhase section */

/* Begin PBXGroup section */
		766101B92A348678000C04BF = {
			isa = PBXGroup;
			children = (
				766101C42A348678000C04BF /* LinkedinUI */,
				766101C32A348678000C04BF /* Products */,
			);
			sourceTree = "<group>";
		};
		766101C32A348678000C04BF /* Products */ = {
			isa = PBXGroup;
			children = (
				766101C22A348678000C04BF /* LinkedinUI.app */,
			);
			name = Products;
			sourceTree = "<group>";
		};
		766101C42A348678000C04BF /* LinkedinUI */ = {
			isa = PBXGroup;
			children = (
				766101D62A348996000C04BF /* Models */,
				766101D32A348701000C04BF /* Views */,
				766101C52A348678000C04BF /* LinkedinUIApp.swift */,
				766101C72A348678000C04BF /* ContentView.swift */,
				766101C92A34867E000C04BF /* Assets.xcassets */,
				766101CB2A34867E000C04BF /* Preview Content */,
			);
			path = LinkedinUI;
			sourceTree = "<group>";
		};
		766101CB2A34867E000C04BF /* Preview Content */ = {
			isa = PBXGroup;
			children = (
				766101CC2A34867E000C04BF /* Preview Assets.xcassets */,
			);
			path = "Preview Content";
			sourceTree = "<group>";
		};
		766101D32A348701000C04BF /* Views */ = {
			isa = PBXGroup;
			children = (
				766101D42A348717000C04BF /* SearchBarView.swift */,
				766101DB2A348ABE000C04BF /* InvitationView.swift */,
				766101DD2A34912F000C04BF /* MyNetworkScreen.swift */,
			);
			name = Views;
			sourceTree = "<group>";
		};
		766101D62A348996000C04BF /* Models */ = {
			isa = PBXGroup;
			children = (
				766101D72A3489A9000C04BF /* PostModel.swift */,
				766101D92A3489B8000C04BF /* NetworkModel.swift */,
			);
			name = Models;
			sourceTree = "<group>";
		};
/* End PBXGroup section */

/* Begin PBXNativeTarget section */
		766101C12A348678000C04BF /* LinkedinUI */ = {
			isa = PBXNativeTarget;
			buildConfigurationList = 766101D02A34867E000C04BF /* Build configuration list for PBXNativeTarget "LinkedinUI" */;
			buildPhases = (
				766101BE2A348678000C04BF /* Sources */,
				766101BF2A348678000C04BF /* Frameworks */,
				766101C02A348678000C04BF /* Resources */,
			);
			buildRules = (
			);
			dependencies = (
			);
			name = LinkedinUI;
			productName = LinkedinUI;
			productReference = 766101C22A348678000C04BF /* LinkedinUI.app */;
			productType = "com.apple.product-type.application";
		};
/* End PBXNativeTarget section */

/* Begin PBXProject section */
		766101BA2A348678000C04BF /* Project object */ = {
			isa = PBXProject;
			attributes = {
				BuildIndependentTargetsInParallel = 1;
				LastSwiftUpdateCheck = 1430;
				LastUpgradeCheck = 1430;
				TargetAttributes = {
					766101C12A348678000C04BF = {
						CreatedOnToolsVersion = 14.3.1;
					};
				};
			};
			buildConfigurationList = 766101BD2A348678000C04BF /* Build configuration list for PBXProject "LinkedinUI" */;
			compatibilityVersion = "Xcode 14.0";
			developmentRegion = en;
			hasScannedForEncodings = 0;
			knownRegions = (
				en,
				Base,
			);
			mainGroup = 766101B92A348678000C04BF;
			productRefGroup = 766101C32A348678000C04BF /* Products */;
			projectDirPath = "";
			projectRoot = "";
			targets = (
				766101C12A348678000C04BF /* LinkedinUI */,
			);
		};
/* End PBXProject section */

/* Begin PBXResourcesBuildPhase section */
		766101C02A348678000C04BF /* Resources */ = {
			isa = PBXResourcesBuildPhase;
			buildActionMask = 2147483647;
			files = (
				766101CD2A34867E000C04BF /* Preview Assets.xcassets in Resources */,
				766101CA2A34867E000C04BF /* Assets.xcassets in Resources */,
			);
			runOnlyForDeploymentPostprocessing = 0;
		};
/* End PBXResourcesBuildPhase section */

/* Begin PBXSourcesBuildPhase section */
		766101BE2A348678000C04BF /* Sources */ = {
			isa = PBXSourcesBuildPhase;
			buildActionMask = 2147483647;
			files = (
				766101C82A348678000C04BF /* ContentView.swift in Sources */,
				766101D82A3489A9000C04BF /* PostModel.swift in Sources */,
				766101D52A348717000C04BF /* SearchBarView.swift in Sources */,
				766101DA2A3489B8000C04BF /* NetworkModel.swift in Sources */,
				766101C62A348678000C04BF /* LinkedinUIApp.swift in Sources */,
				766101DC2A348ABE000C04BF /* InvitationView.swift in Sources */,
				766101DE2A34912F000C04BF /* MyNetworkScreen.swift in Sources */,
			);
			runOnlyForDeploymentPostprocessing = 0;
		};
/* End PBXSourcesBuildPhase section */

/* Begin XCBuildConfiguration section */
		766101CE2A34867E000C04BF /* Debug */ = {
			isa = XCBuildConfiguration;
			buildSettings = {
				ALWAYS_SEARCH_USER_PATHS = NO;
				CLANG_ANALYZER_NONNULL = YES;
				CLANG_ANALYZER_NUMBER_OBJECT_CONVERSION = YES_AGGRESSIVE;
				CLANG_CXX_LANGUAGE_STANDARD = "gnu++20";
				CLANG_ENABLE_MODULES = YES;
				CLANG_ENABLE_OBJC_ARC = YES;
				CLANG_ENABLE_OBJC_WEAK = YES;
				CLANG_WARN_BLOCK_CAPTURE_AUTORELEASING = YES;
				CLANG_WARN_BOOL_CONVERSION = YES;
				CLANG_WARN_COMMA = YES;
				CLANG_WARN_CONSTANT_CONVERSION = YES;
				CLANG_WARN_DEPRECATED_OBJC_IMPLEMENTATIONS = YES;
				CLANG_WARN_DIRECT_OBJC_ISA_USAGE = YES_ERROR;
				CLANG_WARN_DOCUMENTATION_COMMENTS = YES;
				CLANG_WARN_EMPTY_BODY = YES;
				CLANG_WARN_ENUM_CONVERSION = YES;
				CLANG_WARN_INFINITE_RECURSION = YES;
				CLANG_WARN_INT_CONVERSION = YES;
				CLANG_WARN_NON_LITERAL_NULL_CONVERSION = YES;
				CLANG_WARN_OBJC_IMPLICIT_RETAIN_SELF = YES;
				CLANG_WARN_OBJC_LITERAL_CONVERSION = YES;
				CLANG_WARN_OBJC_ROOT_CLASS = YES_ERROR;
				CLANG_WARN_QUOTED_INCLUDE_IN_FRAMEWORK_HEADER = YES;
				CLANG_WARN_RANGE_LOOP_ANALYSIS = YES;
				CLANG_WARN_STRICT_PROTOTYPES = YES;
				CLANG_WARN_SUSPICIOUS_MOVE = YES;
				CLANG_WARN_UNGUARDED_AVAILABILITY = YES_AGGRESSIVE;
				CLANG_WARN_UNREACHABLE_CODE = YES;
				CLANG_WARN__DUPLICATE_METHOD_MATCH = YES;
				COPY_PHASE_STRIP = NO;
				DEBUG_INFORMATION_FORMAT = dwarf;
				ENABLE_STRICT_OBJC_MSGSEND = YES;
				ENABLE_TESTABILITY = YES;
				GCC_C_LANGUAGE_STANDARD = gnu11;
				GCC_DYNAMIC_NO_PIC = NO;
				GCC_NO_COMMON_BLOCKS = YES;
				GCC_OPTIMIZATION_LEVEL = 0;
				GCC_PREPROCESSOR_DEFINITIONS = (
					"DEBUG=1",
					"$(inherited)",
				);
				GCC_WARN_64_TO_32_BIT_CONVERSION = YES;
				GCC_WARN_ABOUT_RETURN_TYPE = YES_ERROR;
				GCC_WARN_UNDECLARED_SELECTOR = YES;
				GCC_WARN_UNINITIALIZED_AUTOS = YES_AGGRESSIVE;
				GCC_WARN_UNUSED_FUNCTION = YES;
				GCC_WARN_UNUSED_VARIABLE = YES;
				IPHONEOS_DEPLOYMENT_TARGET = 16.4;
				MTL_ENABLE_DEBUG_INFO = INCLUDE_SOURCE;
				MTL_FAST_MATH = YES;
				ONLY_ACTIVE_ARCH = YES;
				SDKROOT = iphoneos;
				SWIFT_ACTIVE_COMPILATION_CONDITIONS = DEBUG;
				SWIFT_OPTIMIZATION_LEVEL = "-Onone";
			};
			name = Debug;
		};
		766101CF2A34867E000C04BF /* Release */ = {
			isa = XCBuildConfiguration;
			buildSettings = {
				ALWAYS_SEARCH_USER_PATHS = NO;
				CLANG_ANALYZER_NONNULL = YES;
				CLANG_ANALYZER_NUMBER_OBJECT_CONVERSION = YES_AGGRESSIVE;
				CLANG_CXX_LANGUAGE_STANDARD = "gnu++20";
				CLANG_ENABLE_MODULES = YES;
				CLANG_ENABLE_OBJC_ARC = YES;
				CLANG_ENABLE_OBJC_WEAK = YES;
				CLANG_WARN_BLOCK_CAPTURE_AUTORELEASING = YES;
				CLANG_WARN_BOOL_CONVERSION = YES;
				CLANG_WARN_COMMA = YES;
				CLANG_WARN_CONSTANT_CONVERSION = YES;
				CLANG_WARN_DEPRECATED_OBJC_IMPLEMENTATIONS = YES;
				CLANG_WARN_DIRECT_OBJC_ISA_USAGE = YES_ERROR;
				CLANG_WARN_DOCUMENTATION_COMMENTS = YES;
				CLANG_WARN_EMPTY_BODY = YES;
				CLANG_WARN_ENUM_CONVERSION = YES;
				CLANG_WARN_INFINITE_RECURSION = YES;
				CLANG_WARN_INT_CONVERSION = YES;
				CLANG_WARN_NON_LITERAL_NULL_CONVERSION = YES;
				CLANG_WARN_OBJC_IMPLICIT_RETAIN_SELF = YES;
				CLANG_WARN_OBJC_LITERAL_CONVERSION = YES;
				CLANG_WARN_OBJC_ROOT_CLASS = YES_ERROR;
				CLANG_WARN_QUOTED_INCLUDE_IN_FRAMEWORK_HEADER = YES;
				CLANG_WARN_RANGE_LOOP_ANALYSIS = YES;
				CLANG_WARN_STRICT_PROTOTYPES = YES;
				CLANG_WARN_SUSPICIOUS_MOVE = YES;
				CLANG_WARN_UNGUARDED_AVAILABILITY = YES_AGGRESSIVE;
				CLANG_WARN_UNREACHABLE_CODE = YES;
				CLANG_WARN__DUPLICATE_METHOD_MATCH = YES;
				COPY_PHASE_STRIP = NO;
				DEBUG_INFORMATION_FORMAT = "dwarf-with-dsym";
				ENABLE_NS_ASSERTIONS = NO;
				ENABLE_STRICT_OBJC_MSGSEND = YES;
				GCC_C_LANGUAGE_STANDARD = gnu11;
				GCC_NO_COMMON_BLOCKS = YES;
				GCC_WARN_64_TO_32_BIT_CONVERSION = YES;
				GCC_WARN_ABOUT_RETURN_TYPE = YES_ERROR;
				GCC_WARN_UNDECLARED_SELECTOR = YES;
				GCC_WARN_UNINITIALIZED_AUTOS = YES_AGGRESSIVE;
				GCC_WARN_UNUSED_FUNCTION = YES;
				GCC_WARN_UNUSED_VARIABLE = YES;
				IPHONEOS_DEPLOYMENT_TARGET = 16.4;
				MTL_ENABLE_DEBUG_INFO = NO;
				MTL_FAST_MATH = YES;
				SDKROOT = iphoneos;
				SWIFT_COMPILATION_MODE = wholemodule;
				SWIFT_OPTIMIZATION_LEVEL = "-O";
				VALIDATE_PRODUCT = YES;
			};
			name = Release;
		};
		766101D12A34867E000C04BF /* Debug */ = {
			isa = XCBuildConfiguration;
			buildSettings = {
				ASSETCATALOG_COMPILER_APPICON_NAME = AppIcon;
				ASSETCATALOG_COMPILER_GLOBAL_ACCENT_COLOR_NAME = AccentColor;
				CODE_SIGN_STYLE = Automatic;
				CURRENT_PROJECT_VERSION = 1;
				DEVELOPMENT_ASSET_PATHS = "\"LinkedinUI/Preview Content\"";
				DEVELOPMENT_TEAM = W927R9WWS8;
				ENABLE_PREVIEWS = YES;
				GENERATE_INFOPLIST_FILE = YES;
				INFOPLIST_KEY_UIApplicationSceneManifest_Generation = YES;
				INFOPLIST_KEY_UIApplicationSupportsIndirectInputEvents = YES;
				INFOPLIST_KEY_UILaunchScreen_Generation = YES;
				INFOPLIST_KEY_UIStatusBarStyle = UIStatusBarStyleLightContent;
				INFOPLIST_KEY_UISupportedInterfaceOrientations = UIInterfaceOrientationPortrait;
				INFOPLIST_KEY_UISupportedInterfaceOrientations_iPad = "UIInterfaceOrientationLandscapeLeft UIInterfaceOrientationLandscapeRight UIInterfaceOrientationPortrait UIInterfaceOrientationPortraitUpsideDown";
				LD_RUNPATH_SEARCH_PATHS = (
					"$(inherited)",
					"@executable_path/Frameworks",
				);
				MARKETING_VERSION = 1.0;
				PRODUCT_BUNDLE_IDENTIFIER = LPEnterprise.LinkedinUI;
				PRODUCT_NAME = "$(TARGET_NAME)";
				SUPPORTED_PLATFORMS = "iphoneos iphonesimulator";
				SUPPORTS_MACCATALYST = NO;
				SUPPORTS_MAC_DESIGNED_FOR_IPHONE_IPAD = NO;
				SWIFT_EMIT_LOC_STRINGS = YES;
				SWIFT_VERSION = 5.0;
				TARGETED_DEVICE_FAMILY = 1;
			};
			name = Debug;
		};
		766101D22A34867E000C04BF /* Release */ = {
			isa = XCBuildConfiguration;
			buildSettings = {
				ASSETCATALOG_COMPILER_APPICON_NAME = AppIcon;
				ASSETCATALOG_COMPILER_GLOBAL_ACCENT_COLOR_NAME = AccentColor;
				CODE_SIGN_STYLE = Automatic;
				CURRENT_PROJECT_VERSION = 1;
				DEVELOPMENT_ASSET_PATHS = "\"LinkedinUI/Preview Content\"";
				DEVELOPMENT_TEAM = W927R9WWS8;
				ENABLE_PREVIEWS = YES;
				GENERATE_INFOPLIST_FILE = YES;
				INFOPLIST_KEY_UIApplicationSceneManifest_Generation = YES;
				INFOPLIST_KEY_UIApplicationSupportsIndirectInputEvents = YES;
				INFOPLIST_KEY_UILaunchScreen_Generation = YES;
				INFOPLIST_KEY_UIStatusBarStyle = UIStatusBarStyleLightContent;
				INFOPLIST_KEY_UISupportedInterfaceOrientations = UIInterfaceOrientationPortrait;
				INFOPLIST_KEY_UISupportedInterfaceOrientations_iPad = "UIInterfaceOrientationLandscapeLeft UIInterfaceOrientationLandscapeRight UIInterfaceOrientationPortrait UIInterfaceOrientationPortraitUpsideDown";
				LD_RUNPATH_SEARCH_PATHS = (
					"$(inherited)",
					"@executable_path/Frameworks",
				);
				MARKETING_VERSION = 1.0;
				PRODUCT_BUNDLE_IDENTIFIER = LPEnterprise.LinkedinUI;
				PRODUCT_NAME = "$(TARGET_NAME)";
				SUPPORTED_PLATFORMS = "iphoneos iphonesimulator";
				SUPPORTS_MACCATALYST = NO;
				SUPPORTS_MAC_DESIGNED_FOR_IPHONE_IPAD = NO;
				SWIFT_EMIT_LOC_STRINGS = YES;
				SWIFT_VERSION = 5.0;
				TARGETED_DEVICE_FAMILY = 1;
			};
			name = Release;
		};
/* End XCBuildConfiguration section */

/* Begin XCConfigurationList section */
		766101BD2A348678000C04BF /* Build configuration list for PBXProject "LinkedinUI" */ = {
			isa = XCConfigurationList;
			buildConfigurations = (
				766101CE2A34867E000C04BF /* Debug */,
				766101CF2A34867E000C04BF /* Release */,
			);
			defaultConfigurationIsVisible = 0;
			defaultConfigurationName = Release;
		};
		766101D02A34867E000C04BF /* Build configuration list for PBXNativeTarget "LinkedinUI" */ = {
			isa = XCConfigurationList;
			buildConfigurations = (
				766101D12A34867E000C04BF /* Debug */,
				766101D22A34867E000C04BF /* Release */,
			);
			defaultConfigurationIsVisible = 0;
			defaultConfigurationName = Release;
		};
/* End XCConfigurationList section */
	};
	rootObject = 766101BA2A348678000C04BF /* Project object */;
}
